
Microsoft Visual Studio Solution File, Format Version 12.00
# Visual Studio Version 17
VisualStudioVersion = 17.14.37314.3 d17.14
MinimumVisualStudioVersion = 10.0.40219.1
Project("{FAE04EC0-301F-11D3-BF4B-00C04F79EFBC}") = "TripTracker", "TripTracker.csproj", "{D24F4265-4975-4975-A683-5FD85927FCAA}"
EndProject
Global
	GlobalSection(SolutionConfigurationPlatforms) = preSolution
		Debug|Any CPU = Debug|Any CPU
		Release|Any CPU = Release|Any CPU
	EndGlobalSection
	GlobalSection(ProjectConfigurationPlatforms) = postSolution
		{D24F4265-4975-4975-A683-5FD85927FCAA}.Debug|Any CPU.ActiveCfg = Debug|Any CPU
		{D24F4265-4975-4975-A683-5FD85927FCAA}.Debug|Any CPU.Build.0 = Debug|Any CPU
		{D24F4265-4975-4975-A683-5FD85927FCAA}.Release|Any CPU.ActiveCfg = Release|Any CPU
		{D24F4265-4975-4975-A683-5FD85927FCAA}.Release|Any CPU.Build.0 = Release|Any CPU
	EndGlobalSection
	GlobalSection(SolutionProperties) = preSolution
		HideSolutionNode = FALSE
	EndGlobalSection
	GlobalSection(ExtensibilityGlobals) = postSolution
		SolutionGuid = {0FCF32AD-96D0-4634-A2EC-0241E9ECA9F1}
	EndGlobalSection
EndGlobal
